
Microsoft Visual Studio Solution File, Format Version 12.00
# Visual Studio Version 17
VisualStudioVersion = 17.12.35527.113
MinimumVisualStudioVersion = 10.0.40219.1
Project("{2150E333-8FDC-42A3-9474-1A3956D46DE8}") = "FrontEnd", "FrontEnd", "{D98E9550-B0D6-488E-9159-B368CB05F35B}"
EndProject
Project("{2150E333-8FDC-42A3-9474-1A3956D46DE8}") = "Gateway", "Gateway", "{192E5FD0-F095-47AC-8D4B-B680933003B7}"
EndProject
Project("{2150E333-8FDC-42A3-9474-1A3956D46DE8}") = "Integration", "Integration", "{CE9D824D-2BC2-4C92-AB5D-6F132A5312E7}"
EndProject
Project("{2150E333-8FDC-42A3-9474-1A3956D46DE8}") = "Services", "Services", "{02E6FF56-E3A0-40BB-825E-CFFD92D81957}"
EndProject
Project("{FAE04EC0-301F-11D3-BF4B-00C04F79EFBC}") = "Mango.Service.CouponAPI", "Services\Mango.Service.CouponAPI\Mango.Service.CouponAPI.csproj", "{2DDBF3FD-D974-47DF-AFFE-4E4A3456D20B}"
EndProject
Project("{FAE04EC0-301F-11D3-BF4B-00C04F79EFBC}") = "Mango.Web", "FrontEnd\Mango.Web\Mango.Web.csproj", "{CE13DA86-7350-4BC4-A5D9-B149AFA2897B}"
EndProject
Project("{FAE04EC0-301F-11D3-BF4B-00C04F79EFBC}") = "Mango.Services.AuthAPI", "Services\Mango.Services.AuthAPI\Mango.Services.AuthAPI.csproj", "{A6803976-9A19-4471-9B63-6C5BE731B034}"
EndProject
Project("{FAE04EC0-301F-11D3-BF4B-00C04F79EFBC}") = "Mango.Services.ProductAPI", "Services\Mango.Services.ProductAPI\Mango.Services.ProductAPI.csproj", "{64576783-0840-4030-B55F-6D3A8D72EBC2}"
EndProject
Project("{FAE04EC0-301F-11D3-BF4B-00C04F79EFBC}") = "Mango.Services.ShoppingCartAPI", "Services\Mango.Services.ShoppingCartAPI\Mango.Services.ShoppingCartAPI.csproj", "{5BC6B178-8501-4417-B199-35971DFE939A}"
EndProject
Project("{FAE04EC0-301F-11D3-BF4B-00C04F79EFBC}") = "Mango.MessageBus", "Integration\Mango.MessageBus\Mango.MessageBus.csproj", "{E84D401E-A956-40F0-9B69-3ADCB3C2C3CD}"
EndProject
Project("{FAE04EC0-301F-11D3-BF4B-00C04F79EFBC}") = "Mango.Services.EmailAPI", "Services\Mango.Services.EmailAPI\Mango.Services.EmailAPI.csproj", "{59F1B239-2E05-4C28-BA72-BAEBE5C22798}"
EndProject
Project("{FAE04EC0-301F-11D3-BF4B-00C04F79EFBC}") = "Mango.Services.OrderAPI", "Services\Mango.Service.OrderAPI\Mango.Services.OrderAPI.csproj", "{0DE892B4-D1B8-4CC8-AD1F-C54F63E7DE04}"
EndProject
Project("{FAE04EC0-301F-11D3-BF4B-00C04F79EFBC}") = "Mango.Services.RewardAPI", "Services\Mango.Services.RewardAPI\Mango.Services.RewardAPI.csproj", "{E279017E-09B3-409E-9204-EDEF738CF60C}"
EndProject
Project("{FAE04EC0-301F-11D3-BF4B-00C04F79EFBC}") = "Mango.GatewaySolution", "Gateway\Mango.GatewaySolution\Mango.GatewaySolution.csproj", "{E45E3624-2A2D-4F1F-A73B-50B407E4FD02}"
EndProject
Global
	GlobalSection(SolutionConfigurationPlatforms) = preSolution
		Debug|Any CPU = Debug|Any CPU
		Release|Any CPU = Release|Any CPU
	EndGlobalSection
	GlobalSection(ProjectConfigurationPlatforms) = postSolution
		{2DDBF3FD-D974-47DF-AFFE-4E4A3456D20B}.Debug|Any CPU.ActiveCfg = Debug|Any CPU
		{2DDBF3FD-D974-47DF-AFFE-4E4A3456D20B}.Debug|Any CPU.Build.0 = Debug|Any CPU
		{2DDBF3FD-D974-47DF-AFFE-4E4A3456D20B}.Release|Any CPU.ActiveCfg = Release|Any CPU
		{2DDBF3FD-D974-47DF-AFFE-4E4A3456D20B}.Release|Any CPU.Build.0 = Release|Any CPU
		{CE13DA86-7350-4BC4-A5D9-B149AFA2897B}.Debug|Any CPU.ActiveCfg = Debug|Any CPU
		{CE13DA86-7350-4BC4-A5D9-B149AFA2897B}.Debug|Any CPU.Build.0 = Debug|Any CPU
		{CE13DA86-7350-4BC4-A5D9-B149AFA2897B}.Release|Any CPU.ActiveCfg = Release|Any CPU
		{CE13DA86-7350-4BC4-A5D9-B149AFA2897B}.Release|Any CPU.Build.0 = Release|Any CPU
		{A6803976-9A19-4471-9B63-6C5BE731B034}.Debug|Any CPU.ActiveCfg = Debug|Any CPU
		{A6803976-9A19-4471-9B63-6C5BE731B034}.Debug|Any CPU.Build.0 = Debug|Any CPU
		{A6803976-9A19-4471-9B63-6C5BE731B034}.Release|Any CPU.ActiveCfg = Release|Any CPU
		{A6803976-9A19-4471-9B63-6C5BE731B034}.Release|Any CPU.Build.0 = Release|Any CPU
		{64576783-0840-4030-B55F-6D3A8D72EBC2}.Debug|Any CPU.ActiveCfg = Debug|Any CPU
		{64576783-0840-4030-B55F-6D3A8D72EBC2}.Debug|Any CPU.Build.0 = Debug|Any CPU
		{64576783-0840-4030-B55F-6D3A8D72EBC2}.Release|Any CPU.ActiveCfg = Release|Any CPU
		{64576783-0840-4030-B55F-6D3A8D72EBC2}.Release|Any CPU.Build.0 = Release|Any CPU
		{5BC6B178-8501-4417-B199-35971DFE939A}.Debug|Any CPU.ActiveCfg = Debug|Any CPU
		{5BC6B178-8501-4417-B199-35971DFE939A}.Debug|Any CPU.Build.0 = Debug|Any CPU
		{5BC6B178-8501-4417-B199-35971DFE939A}.Release|Any CPU.ActiveCfg = Release|Any CPU
		{5BC6B178-8501-4417-B199-35971DFE939A}.Release|Any CPU.Build.0 = Release|Any CPU
		{E84D401E-A956-40F0-9B69-3ADCB3C2C3CD}.Debug|Any CPU.ActiveCfg = Debug|Any CPU
		{E84D401E-A956-40F0-9B69-3ADCB3C2C3CD}.Debug|Any CPU.Build.0 = Debug|Any CPU
		{E84D401E-A956-40F0-9B69-3ADCB3C2C3CD}.Release|Any CPU.ActiveCfg = Release|Any CPU
		{E84D401E-A956-40F0-9B69-3ADCB3C2C3CD}.Release|Any CPU.Build.0 = Release|Any CPU
		{59F1B239-2E05-4C28-BA72-BAEBE5C22798}.Debug|Any CPU.ActiveCfg = Debug|Any CPU
		{59F1B239-2E05-4C28-BA72-BAEBE5C22798}.Debug|Any CPU.Build.0 = Debug|Any CPU
		{59F1B239-2E05-4C28-BA72-BAEBE5C22798}.Release|Any CPU.ActiveCfg = Release|Any CPU
		{59F1B239-2E05-4C28-BA72-BAEBE5C22798}.Release|Any CPU.Build.0 = Release|Any CPU
		{0DE892B4-D1B8-4CC8-AD1F-C54F63E7DE04}.Debug|Any CPU.ActiveCfg = Debug|Any CPU
		{0DE892B4-D1B8-4CC8-AD1F-C54F63E7DE04}.Debug|Any CPU.Build.0 = Debug|Any CPU
		{0DE892B4-D1B8-4CC8-AD1F-C54F63E7DE04}.Release|Any CPU.ActiveCfg = Release|Any CPU
		{0DE892B4-D1B8-4CC8-AD1F-C54F63E7DE04}.Release|Any CPU.Build.0 = Release|Any CPU
		{E279017E-09B3-409E-9204-EDEF738CF60C}.Debug|Any CPU.ActiveCfg = Debug|Any CPU
		{E279017E-09B3-409E-9204-EDEF738CF60C}.Debug|Any CPU.Build.0 = Debug|Any CPU
		{E279017E-09B3-409E-9204-EDEF738CF60C}.Release|Any CPU.ActiveCfg = Release|Any CPU
		{E279017E-09B3-409E-9204-EDEF738CF60C}.Release|Any CPU.Build.0 = Release|Any CPU
		{E45E3624-2A2D-4F1F-A73B-50B407E4FD02}.Debug|Any CPU.ActiveCfg = Debug|Any CPU
		{E45E3624-2A2D-4F1F-A73B-50B407E4FD02}.Debug|Any CPU.Build.0 = Debug|Any CPU
		{E45E3624-2A2D-4F1F-A73B-50B407E4FD02}.Release|Any CPU.ActiveCfg = Release|Any CPU
		{E45E3624-2A2D-4F1F-A73B-50B407E4FD02}.Release|Any CPU.Build.0 = Release|Any CPU
	EndGlobalSection
	GlobalSection(SolutionProperties) = preSolution
		HideSolutionNode = FALSE
	EndGlobalSection
	GlobalSection(NestedProjects) = preSolution
		{2DDBF3FD-D974-47DF-AFFE-4E4A3456D20B} = {02E6FF56-E3A0-40BB-825E-CFFD92D81957}
		{CE13DA86-7350-4BC4-A5D9-B149AFA2897B} = {D98E9550-B0D6-488E-9159-B368CB05F35B}
		{A6803976-9A19-4471-9B63-6C5BE731B034} = {02E6FF56-E3A0-40BB-825E-CFFD92D81957}
		{64576783-0840-4030-B55F-6D3A8D72EBC2} = {02E6FF56-E3A0-40BB-825E-CFFD92D81957}
		{5BC6B178-8501-4417-B199-35971DFE939A} = {02E6FF56-E3A0-40BB-825E-CFFD92D81957}
		{E84D401E-A956-40F0-9B69-3ADCB3C2C3CD} = {CE9D824D-2BC2-4C92-AB5D-6F132A5312E7}
		{59F1B239-2E05-4C28-BA72-BAEBE5C22798} = {02E6FF56-E3A0-40BB-825E-CFFD92D81957}
		{0DE892B4-D1B8-4CC8-AD1F-C54F63E7DE04} = {02E6FF56-E3A0-40BB-825E-CFFD92D81957}
		{E279017E-09B3-409E-9204-EDEF738CF60C} = {02E6FF56-E3A0-40BB-825E-CFFD92D81957}
		{E45E3624-2A2D-4F1F-A73B-50B407E4FD02} = {192E5FD0-F095-47AC-8D4B-B680933003B7}
	EndGlobalSection
EndGlobal
